// !$*UTF8*$!
{
	archiveVersion = 1;
	classes = {
	};
	objectVersion = 56;
	objects = {

/* Begin PBXBuildFile section */
		1D2BBF2B2AD75E0500F89389 /* AccountViewModel.swift in Sources */ = {isa = PBXBuildFile; fileRef = 1D2BBF2A2AD75E0500F89389 /* AccountViewModel.swift */; };
		1D2BBF2D2AD75F5A00F89389 /* String+Ext.swift in Sources */ = {isa = PBXBuildFile; fileRef = 1D2BBF2C2AD75F5A00F89389 /* String+Ext.swift */; };
		1D2BBF2F2AD763C700F89389 /* UserModel.swift in Sources */ = {isa = PBXBuildFile; fileRef = 1D2BBF2E2AD763C700F89389 /* UserModel.swift */; };
		1D32EAFE2AD89E3E0091E57F /* OrderModel.swift in Sources */ = {isa = PBXBuildFile; fileRef = 1D32EAFD2AD89E3E0091E57F /* OrderModel.swift */; };
		1D32EB002AD8AC290091E57F /* ButtonModifiers.swift in Sources */ = {isa = PBXBuildFile; fileRef = 1D32EAFF2AD8AC290091E57F /* ButtonModifiers.swift */; };
		1D710F682ADB690B00834635 /* ImageModifiers.swift in Sources */ = {isa = PBXBuildFile; fileRef = 1D710F672ADB690B00834635 /* ImageModifiers.swift */; };
		1D710F6A2ADB848900834635 /* Date+Ext.swift in Sources */ = {isa = PBXBuildFile; fileRef = 1D710F692ADB848900834635 /* Date+Ext.swift */; };
		1DA937FA2AD4B53600B04A92 /* AppetizerDetailView.swift in Sources */ = {isa = PBXBuildFile; fileRef = 1DA937F92AD4B53600B04A92 /* AppetizerDetailView.swift */; };
		1DA938012AD6300000B04A92 /* ProductButton.swift in Sources */ = {isa = PBXBuildFile; fileRef = 1DA938002AD6300000B04A92 /* ProductButton.swift */; };
		1DA938032AD6324F00B04A92 /* DismissXButton.swift in Sources */ = {isa = PBXBuildFile; fileRef = 1DA938022AD6324F00B04A92 /* DismissXButton.swift */; };
		1DB47E2A2AD46B6300232FF8 /* AppetizerListViewModel.swift in Sources */ = {isa = PBXBuildFile; fileRef = 1DB47E292AD46B6300232FF8 /* AppetizerListViewModel.swift */; };
		1DB47E2D2AD46E7400232FF8 /* Alert.swift in Sources */ = {isa = PBXBuildFile; fileRef = 1DB47E2C2AD46E7400232FF8 /* Alert.swift */; };
		1DB47E302AD47A0A00232FF8 /* LoadingView.swift in Sources */ = {isa = PBXBuildFile; fileRef = 1DB47E2F2AD47A0A00232FF8 /* LoadingView.swift */; };
		1DB47E322AD47B5200232FF8 /* Color+Ext.swift in Sources */ = {isa = PBXBuildFile; fileRef = 1DB47E312AD47B5200232FF8 /* Color+Ext.swift */; };
		1DB47E352AD4AB2D00232FF8 /* ProductRemoteImage.swift in Sources */ = {isa = PBXBuildFile; fileRef = 1DB47E342AD4AB2D00232FF8 /* ProductRemoteImage.swift */; };
		1DE9F53B2AC25EF2001D2367 /* AppetizersApp.swift in Sources */ = {isa = PBXBuildFile; fileRef = 1DE9F53A2AC25EF2001D2367 /* AppetizersApp.swift */; };
		1DE9F53D2AC25EF2001D2367 /* AppetizerTabView.swift in Sources */ = {isa = PBXBuildFile; fileRef = 1DE9F53C2AC25EF2001D2367 /* AppetizerTabView.swift */; };
		1DE9F53F2AC25EF3001D2367 /* Assets.xcassets in Resources */ = {isa = PBXBuildFile; fileRef = 1DE9F53E2AC25EF3001D2367 /* Assets.xcassets */; };
		1DE9F5422AC25EF3001D2367 /* Preview Assets.xcassets in Resources */ = {isa = PBXBuildFile; fileRef = 1DE9F5412AC25EF3001D2367 /* Preview Assets.xcassets */; };
		1DE9F5492AC2605E001D2367 /* AppetizerListView.swift in Sources */ = {isa = PBXBuildFile; fileRef = 1DE9F5482AC2605E001D2367 /* AppetizerListView.swift */; };
		1DE9F54B2AC2606B001D2367 /* AccountView.swift in Sources */ = {isa = PBXBuildFile; fileRef = 1DE9F54A2AC2606B001D2367 /* AccountView.swift */; };
		1DE9F54D2AC26071001D2367 /* OrderView.swift in Sources */ = {isa = PBXBuildFile; fileRef = 1DE9F54C2AC26071001D2367 /* OrderView.swift */; };
		1DE9F5502AC26653001D2367 /* ProductModel.swift in Sources */ = {isa = PBXBuildFile; fileRef = 1DE9F54F2AC26653001D2367 /* ProductModel.swift */; };
		1DE9F5532AC26E07001D2367 /* ProductListCell.swift in Sources */ = {isa = PBXBuildFile; fileRef = 1DE9F5522AC26E07001D2367 /* ProductListCell.swift */; };
		1DE9F5562AC32CFC001D2367 /* NetworkManager.swift in Sources */ = {isa = PBXBuildFile; fileRef = 1DE9F5552AC32CFC001D2367 /* NetworkManager.swift */; };
		1DE9F5582AC33118001D2367 /* APIError.swift in Sources */ = {isa = PBXBuildFile; fileRef = 1DE9F5572AC33118001D2367 /* APIError.swift */; };
/* End PBXBuildFile section */

/* Begin PBXFileReference section */
		1D2BBF2A2AD75E0500F89389 /* AccountViewModel.swift */ = {isa = PBXFileReference; lastKnownFileType = sourcecode.swift; path = AccountViewModel.swift; sourceTree = "<group>"; };
		1D2BBF2C2AD75F5A00F89389 /* String+Ext.swift */ = {isa = PBXFileReference; lastKnownFileType = sourcecode.swift; path = "String+Ext.swift"; sourceTree = "<group>"; };
		1D2BBF2E2AD763C700F89389 /* UserModel.swift */ = {isa = PBXFileReference; lastKnownFileType = sourcecode.swift; path = UserModel.swift; sourceTree = "<group>"; };
		1D32EAFD2AD89E3E0091E57F /* OrderModel.swift */ = {isa = PBXFileReference; lastKnownFileType = sourcecode.swift; path = OrderModel.swift; sourceTree = "<group>"; };
		1D32EAFF2AD8AC290091E57F /* ButtonModifiers.swift */ = {isa = PBXFileReference; lastKnownFileType = sourcecode.swift; path = ButtonModifiers.swift; sourceTree = "<group>"; };
		1D710F672ADB690B00834635 /* ImageModifiers.swift */ = {isa = PBXFileReference; lastKnownFileType = sourcecode.swift; path = ImageModifiers.swift; sourceTree = "<group>"; };
		1D710F692ADB848900834635 /* Date+Ext.swift */ = {isa = PBXFileReference; lastKnownFileType = sourcecode.swift; path = "Date+Ext.swift"; sourceTree = "<group>"; };
		1DA937F92AD4B53600B04A92 /* AppetizerDetailView.swift */ = {isa = PBXFileReference; lastKnownFileType = sourcecode.swift; path = AppetizerDetailView.swift; sourceTree = "<group>"; };
		1DA938002AD6300000B04A92 /* ProductButton.swift */ = {isa = PBXFileReference; lastKnownFileType = sourcecode.swift; path = ProductButton.swift; sourceTree = "<group>"; };
		1DA938022AD6324F00B04A92 /* DismissXButton.swift */ = {isa = PBXFileReference; lastKnownFileType = sourcecode.swift; path = DismissXButton.swift; sourceTree = "<group>"; };
		1DB47E292AD46B6300232FF8 /* AppetizerListViewModel.swift */ = {isa = PBXFileReference; lastKnownFileType = sourcecode.swift; path = AppetizerListViewModel.swift; sourceTree = "<group>"; };
		1DB47E2C2AD46E7400232FF8 /* Alert.swift */ = {isa = PBXFileReference; lastKnownFileType = sourcecode.swift; path = Alert.swift; sourceTree = "<group>"; };
		1DB47E2F2AD47A0A00232FF8 /* LoadingView.swift */ = {isa = PBXFileReference; lastKnownFileType = sourcecode.swift; path = LoadingView.swift; sourceTree = "<group>"; };
		1DB47E312AD47B5200232FF8 /* Color+Ext.swift */ = {isa = PBXFileReference; lastKnownFileType = sourcecode.swift; path = "Color+Ext.swift"; sourceTree = "<group>"; };
		1DB47E342AD4AB2D00232FF8 /* ProductRemoteImage.swift */ = {isa = PBXFileReference; lastKnownFileType = sourcecode.swift; path = ProductRemoteImage.swift; sourceTree = "<group>"; };
		1DE9F5372AC25EF2001D2367 /* Appetizers.app */ = {isa = PBXFileReference; explicitFileType = wrapper.application; includeInIndex = 0; path = Appetizers.app; sourceTree = BUILT_PRODUCTS_DIR; };
		1DE9F53A2AC25EF2001D2367 /* AppetizersApp.swift */ = {isa = PBXFileReference; lastKnownFileType = sourcecode.swift; path = AppetizersApp.swift; sourceTree = "<group>"; };
		1DE9F53C2AC25EF2001D2367 /* AppetizerTabView.swift */ = {isa = PBXFileReference; lastKnownFileType = sourcecode.swift; path = AppetizerTabView.swift; sourceTree = "<group>"; };
		1DE9F53E2AC25EF3001D2367 /* Assets.xcassets */ = {isa = PBXFileReference; lastKnownFileType = folder.assetcatalog; path = Assets.xcassets; sourceTree = "<group>"; };
		1DE9F5412AC25EF3001D2367 /* Preview Assets.xcassets */ = {isa = PBXFileReference; lastKnownFileType = folder.assetcatalog; path = "Preview Assets.xcassets"; sourceTree = "<group>"; };
		1DE9F5482AC2605E001D2367 /* AppetizerListView.swift */ = {isa = PBXFileReference; lastKnownFileType = sourcecode.swift; path = AppetizerListView.swift; sourceTree = "<group>"; };
		1DE9F54A2AC2606B001D2367 /* AccountView.swift */ = {isa = PBXFileReference; lastKnownFileType = sourcecode.swift; path = AccountView.swift; sourceTree = "<group>"; };
		1DE9F54C2AC26071001D2367 /* OrderView.swift */ = {isa = PBXFileReference; lastKnownFileType = sourcecode.swift; path = OrderView.swift; sourceTree = "<group>"; };
		1DE9F54F2AC26653001D2367 /* ProductModel.swift */ = {isa = PBXFileReference; lastKnownFileType = sourcecode.swift; path = ProductModel.swift; sourceTree = "<group>"; };
		1DE9F5522AC26E07001D2367 /* ProductListCell.swift */ = {isa = PBXFileReference; lastKnownFileType = sourcecode.swift; path = ProductListCell.swift; sourceTree = "<group>"; };
		1DE9F5552AC32CFC001D2367 /* NetworkManager.swift */ = {isa = PBXFileReference; lastKnownFileType = sourcecode.swift; path = NetworkManager.swift; sourceTree = "<group>"; };
		1DE9F5572AC33118001D2367 /* APIError.swift */ = {isa = PBXFileReference; lastKnownFileType = sourcecode.swift; path = APIError.swift; sourceTree = "<group>"; };
/* End PBXFileReference section */

/* Begin PBXFrameworksBuildPhase section */
		1DE9F5342AC25EF2001D2367 /* Frameworks */ = {
			isa = PBXFrameworksBuildPhase;
			buildActionMask = 2147483647;
			files = (
			);
			runOnlyForDeploymentPostprocessing = 0;
		};
/* End PBXFrameworksBuildPhase section */

/* Begin PBXGroup section */
		1DA937F52AD4B14400B04A92 /* Tabs */ = {
			isa = PBXGroup;
			children = (
				1DE9F53C2AC25EF2001D2367 /* AppetizerTabView.swift */,
				1DA937F82AD4B52800B04A92 /* AppetizerListView */,
				1DA937FB2AD62C5600B04A92 /* AccountView */,
				1DA937FC2AD62C5F00B04A92 /* OrderView */,
			);
			path = Tabs;
			sourceTree = "<group>";
		};
		1DA937F62AD4B2A100B04A92 /* UIKit */ = {
			isa = PBXGroup;
			children = (
				1DB47E2F2AD47A0A00232FF8 /* LoadingView.swift */,
				1D32EAFF2AD8AC290091E57F /* ButtonModifiers.swift */,
				1D710F672ADB690B00834635 /* ImageModifiers.swift */,
			);
			path = UIKit;
			sourceTree = "<group>";
		};
		1DA937F72AD4B2B400B04A92 /* Image */ = {
			isa = PBXGroup;
			children = (
				1DB47E342AD4AB2D00232FF8 /* ProductRemoteImage.swift */,
			);
			path = Image;
			sourceTree = "<group>";
		};
		1DA937F82AD4B52800B04A92 /* AppetizerListView */ = {
			isa = PBXGroup;
			children = (
				1DB47E292AD46B6300232FF8 /* AppetizerListViewModel.swift */,
				1DE9F5482AC2605E001D2367 /* AppetizerListView.swift */,
				1DA937F92AD4B53600B04A92 /* AppetizerDetailView.swift */,
			);
			path = AppetizerListView;
			sourceTree = "<group>";
		};
		1DA937FB2AD62C5600B04A92 /* AccountView */ = {
			isa = PBXGroup;
			children = (
				1D2BBF2A2AD75E0500F89389 /* AccountViewModel.swift */,
				1DE9F54A2AC2606B001D2367 /* AccountView.swift */,
			);
			path = AccountView;
			sourceTree = "<group>";
		};
		1DA937FC2AD62C5F00B04A92 /* OrderView */ = {
			isa = PBXGroup;
			children = (
				1DE9F54C2AC26071001D2367 /* OrderView.swift */,
			);
			path = OrderView;
			sourceTree = "<group>";
		};
		1DA937FD2AD62FA000B04A92 /* Buttons */ = {
			isa = PBXGroup;
			children = (
				1DA938002AD6300000B04A92 /* ProductButton.swift */,
				1DA938022AD6324F00B04A92 /* DismissXButton.swift */,
			);
			path = Buttons;
			sourceTree = "<group>";
		};
		1DB47E2B2AD46E6300232FF8 /* Utilities */ = {
			isa = PBXGroup;
			children = (
				1DE9F5572AC33118001D2367 /* APIError.swift */,
				1DB47E2C2AD46E7400232FF8 /* Alert.swift */,
			);
			path = Utilities;
			sourceTree = "<group>";
		};
		1DB47E2E2AD479FC00232FF8 /* View */ = {
			isa = PBXGroup;
			children = (
				1DA937FD2AD62FA000B04A92 /* Buttons */,
				1DA937F72AD4B2B400B04A92 /* Image */,
				1DE9F5542AC26E51001D2367 /* Cell */,
				1DA937F62AD4B2A100B04A92 /* UIKit */,
			);
			path = View;
			sourceTree = "<group>";
		};
		1DB47E332AD47BE000232FF8 /* Extensions */ = {
			isa = PBXGroup;
			children = (
				1DB47E312AD47B5200232FF8 /* Color+Ext.swift */,
				1D2BBF2C2AD75F5A00F89389 /* String+Ext.swift */,
				1D710F692ADB848900834635 /* Date+Ext.swift */,
			);
			path = Extensions;
			sourceTree = "<group>";
		};
		1DE9F52E2AC25EF2001D2367 = {
			isa = PBXGroup;
			children = (
				1DE9F5392AC25EF2001D2367 /* Appetizers */,
				1DE9F5382AC25EF2001D2367 /* Products */,
			);
			sourceTree = "<group>";
		};
		1DE9F5382AC25EF2001D2367 /* Products */ = {
			isa = PBXGroup;
			children = (
				1DE9F5372AC25EF2001D2367 /* Appetizers.app */,
			);
			name = Products;
			sourceTree = "<group>";
		};
		1DE9F5392AC25EF2001D2367 /* Appetizers */ = {
			isa = PBXGroup;
			children = (
				1DA937F52AD4B14400B04A92 /* Tabs */,
				1DB47E2E2AD479FC00232FF8 /* View */,
				1DE9F5512AC26894001D2367 /* Manager */,
				1DE9F54E2AC26637001D2367 /* Model */,
				1DB47E2B2AD46E6300232FF8 /* Utilities */,
				1DB47E332AD47BE000232FF8 /* Extensions */,
				1DE9F53A2AC25EF2001D2367 /* AppetizersApp.swift */,
				1DE9F53E2AC25EF3001D2367 /* Assets.xcassets */,
				1DE9F5402AC25EF3001D2367 /* Preview Content */,
			);
			path = Appetizers;
			sourceTree = "<group>";
		};
		1DE9F5402AC25EF3001D2367 /* Preview Content */ = {
			isa = PBXGroup;
			children = (
				1DE9F5412AC25EF3001D2367 /* Preview Assets.xcassets */,
			);
			path = "Preview Content";
			sourceTree = "<group>";
		};
		1DE9F54E2AC26637001D2367 /* Model */ = {
			isa = PBXGroup;
			children = (
				1DE9F54F2AC26653001D2367 /* ProductModel.swift */,
				1D2BBF2E2AD763C700F89389 /* UserModel.swift */,
				1D32EAFD2AD89E3E0091E57F /* OrderModel.swift */,
			);
			path = Model;
			sourceTree = "<group>";
		};
		1DE9F5512AC26894001D2367 /* Manager */ = {
			isa = PBXGroup;
			children = (
				1DE9F5552AC32CFC001D2367 /* NetworkManager.swift */,
			);
			path = Manager;
			sourceTree = "<group>";
		};
		1DE9F5542AC26E51001D2367 /* Cell */ = {
			isa = PBXGroup;
			children = (
				1DE9F5522AC26E07001D2367 /* ProductListCell.swift */,
			);
			path = Cell;
			sourceTree = "<group>";
		};
/* End PBXGroup section */

/* Begin PBXNativeTarget section */
		1DE9F5362AC25EF2001D2367 /* Appetizers */ = {
			isa = PBXNativeTarget;
			buildConfigurationList = 1DE9F5452AC25EF3001D2367 /* Build configuration list for PBXNativeTarget "Appetizers" */;
			buildPhases = (
				1DE9F5332AC25EF2001D2367 /* Sources */,
				1DE9F5342AC25EF2001D2367 /* Frameworks */,
				1DE9F5352AC25EF2001D2367 /* Resources */,
			);
			buildRules = (
			);
			dependencies = (
			);
			name = Appetizers;
			productName = Appetizers;
			productReference = 1DE9F5372AC25EF2001D2367 /* Appetizers.app */;
			productType = "com.apple.product-type.application";
		};
/* End PBXNativeTarget section */

/* Begin PBXProject section */
		1DE9F52F2AC25EF2001D2367 /* Project object */ = {
			isa = PBXProject;
			attributes = {
				BuildIndependentTargetsInParallel = 1;
				LastSwiftUpdateCheck = 1500;
				LastUpgradeCheck = 1500;
				TargetAttributes = {
					1DE9F5362AC25EF2001D2367 = {
						CreatedOnToolsVersion = 15.0;
					};
				};
			};
			buildConfigurationList = 1DE9F5322AC25EF2001D2367 /* Build configuration list for PBXProject "Appetizers" */;
			compatibilityVersion = "Xcode 14.0";
			developmentRegion = en;
			hasScannedForEncodings = 0;
			knownRegions = (
				en,
				Base,
			);
			mainGroup = 1DE9F52E2AC25EF2001D2367;
			productRefGroup = 1DE9F5382AC25EF2001D2367 /* Products */;
			projectDirPath = "";
			projectRoot = "";
			targets = (
				1DE9F5362AC25EF2001D2367 /* Appetizers */,
			);
		};
/* End PBXProject section */

/* Begin PBXResourcesBuildPhase section */
		1DE9F5352AC25EF2001D2367 /* Resources */ = {
			isa = PBXResourcesBuildPhase;
			buildActionMask = 2147483647;
			files = (
				1DE9F5422AC25EF3001D2367 /* Preview Assets.xcassets in Resources */,
				1DE9F53F2AC25EF3001D2367 /* Assets.xcassets in Resources */,
			);
			runOnlyForDeploymentPostprocessing = 0;
		};
/* End PBXResourcesBuildPhase section */

/* Begin PBXSourcesBuildPhase section */
		1DE9F5332AC25EF2001D2367 /* Sources */ = {
			isa = PBXSourcesBuildPhase;
			buildActionMask = 2147483647;
			files = (
				1DE9F54B2AC2606B001D2367 /* AccountView.swift in Sources */,
				1D710F682ADB690B00834635 /* ImageModifiers.swift in Sources */,
				1DE9F5502AC26653001D2367 /* ProductModel.swift in Sources */,
				1D710F6A2ADB848900834635 /* Date+Ext.swift in Sources */,
				1DE9F5532AC26E07001D2367 /* ProductListCell.swift in Sources */,
				1DE9F53D2AC25EF2001D2367 /* AppetizerTabView.swift in Sources */,
				1D2BBF2B2AD75E0500F89389 /* AccountViewModel.swift in Sources */,
				1DB47E322AD47B5200232FF8 /* Color+Ext.swift in Sources */,
				1DE9F5562AC32CFC001D2367 /* NetworkManager.swift in Sources */,
				1DB47E302AD47A0A00232FF8 /* LoadingView.swift in Sources */,
				1DE9F53B2AC25EF2001D2367 /* AppetizersApp.swift in Sources */,
				1DE9F5492AC2605E001D2367 /* AppetizerListView.swift in Sources */,
				1D32EAFE2AD89E3E0091E57F /* OrderModel.swift in Sources */,
				1DB47E352AD4AB2D00232FF8 /* ProductRemoteImage.swift in Sources */,
				1DA937FA2AD4B53600B04A92 /* AppetizerDetailView.swift in Sources */,
				1DA938012AD6300000B04A92 /* ProductButton.swift in Sources */,
				1D2BBF2D2AD75F5A00F89389 /* String+Ext.swift in Sources */,
				1DE9F5582AC33118001D2367 /* APIError.swift in Sources */,
				1DB47E2D2AD46E7400232FF8 /* Alert.swift in Sources */,
				1DA938032AD6324F00B04A92 /* DismissXButton.swift in Sources */,
				1DE9F54D2AC26071001D2367 /* OrderView.swift in Sources */,
				1D2BBF2F2AD763C700F89389 /* UserModel.swift in Sources */,
				1DB47E2A2AD46B6300232FF8 /* AppetizerListViewModel.swift in Sources */,
				1D32EB002AD8AC290091E57F /* ButtonModifiers.swift in Sources */,
			);
			runOnlyForDeploymentPostprocessing = 0;
		};
/* End PBXSourcesBuildPhase section */

/* Begin XCBuildConfiguration section */
		1DE9F5432AC25EF3001D2367 /* Debug */ = {
			isa = XCBuildConfiguration;
			buildSettings = {
				ALWAYS_SEARCH_USER_PATHS = NO;
				ASSETCATALOG_COMPILER_GENERATE_SWIFT_ASSET_SYMBOL_EXTENSIONS = YES;
				CLANG_ANALYZER_NONNULL = YES;
				CLANG_ANALYZER_NUMBER_OBJECT_CONVERSION = YES_AGGRESSIVE;
				CLANG_CXX_LANGUAGE_STANDARD = "gnu++20";
				CLANG_ENABLE_MODULES = YES;
				CLANG_ENABLE_OBJC_ARC = YES;
				CLANG_ENABLE_OBJC_WEAK = YES;
				CLANG_WARN_BLOCK_CAPTURE_AUTORELEASING = YES;
				CLANG_WARN_BOOL_CONVERSION = YES;
				CLANG_WARN_COMMA = YES;
				CLANG_WARN_CONSTANT_CONVERSION = YES;
				CLANG_WARN_DEPRECATED_OBJC_IMPLEMENTATIONS = YES;
				CLANG_WARN_DIRECT_OBJC_ISA_USAGE = YES_ERROR;
				CLANG_WARN_DOCUMENTATION_COMMENTS = YES;
				CLANG_WARN_EMPTY_BODY = YES;
				CLANG_WARN_ENUM_CONVERSION = YES;
				CLANG_WARN_INFINITE_RECURSION = YES;
				CLANG_WARN_INT_CONVERSION = YES;
				CLANG_WARN_NON_LITERAL_NULL_CONVERSION = YES;
				CLANG_WARN_OBJC_IMPLICIT_RETAIN_SELF = YES;
				CLANG_WARN_OBJC_LITERAL_CONVERSION = YES;
				CLANG_WARN_OBJC_ROOT_CLASS = YES_ERROR;
				CLANG_WARN_QUOTED_INCLUDE_IN_FRAMEWORK_HEADER = YES;
				CLANG_WARN_RANGE_LOOP_ANALYSIS = YES;
				CLANG_WARN_STRICT_PROTOTYPES = YES;
				CLANG_WARN_SUSPICIOUS_MOVE = YES;
				CLANG_WARN_UNGUARDED_AVAILABILITY = YES_AGGRESSIVE;
				CLANG_WARN_UNREACHABLE_CODE = YES;
				CLANG_WARN__DUPLICATE_METHOD_MATCH = YES;
				COPY_PHASE_STRIP = NO;
				DEBUG_INFORMATION_FORMAT = dwarf;
				ENABLE_STRICT_OBJC_MSGSEND = YES;
				ENABLE_TESTABILITY = YES;
				ENABLE_USER_SCRIPT_SANDBOXING = YES;
				GCC_C_LANGUAGE_STANDARD = gnu17;
				GCC_DYNAMIC_NO_PIC = NO;
				GCC_NO_COMMON_BLOCKS = YES;
				GCC_OPTIMIZATION_LEVEL = 0;
				GCC_PREPROCESSOR_DEFINITIONS = (
					"DEBUG=1",
					"$(inherited)",
				);
				GCC_WARN_64_TO_32_BIT_CONVERSION = YES;
				GCC_WARN_ABOUT_RETURN_TYPE = YES_ERROR;
				GCC_WARN_UNDECLARED_SELECTOR = YES;
				GCC_WARN_UNINITIALIZED_AUTOS = YES_AGGRESSIVE;
				GCC_WARN_UNUSED_FUNCTION = YES;
				GCC_WARN_UNUSED_VARIABLE = YES;
				IPHONEOS_DEPLOYMENT_TARGET = 17.0;
				LOCALIZATION_PREFERS_STRING_CATALOGS = YES;
				MTL_ENABLE_DEBUG_INFO = INCLUDE_SOURCE;
				MTL_FAST_MATH = YES;
				ONLY_ACTIVE_ARCH = YES;
				SDKROOT = iphoneos;
				SWIFT_ACTIVE_COMPILATION_CONDITIONS = "DEBUG $(inherited)";
				SWIFT_OPTIMIZATION_LEVEL = "-Onone";
			};
			name = Debug;
		};
		1DE9F5442AC25EF3001D2367 /* Release */ = {
			isa = XCBuildConfiguration;
			buildSettings = {
				ALWAYS_SEARCH_USER_PATHS = NO;
				ASSETCATALOG_COMPILER_GENERATE_SWIFT_ASSET_SYMBOL_EXTENSIONS = YES;
				CLANG_ANALYZER_NONNULL = YES;
				CLANG_ANALYZER_NUMBER_OBJECT_CONVERSION = YES_AGGRESSIVE;
				CLANG_CXX_LANGUAGE_STANDARD = "gnu++20";
				CLANG_ENABLE_MODULES = YES;
				CLANG_ENABLE_OBJC_ARC = YES;
				CLANG_ENABLE_OBJC_WEAK = YES;
				CLANG_WARN_BLOCK_CAPTURE_AUTORELEASING = YES;
				CLANG_WARN_BOOL_CONVERSION = YES;
				CLANG_WARN_COMMA = YES;
				CLANG_WARN_CONSTANT_CONVERSION = YES;
				CLANG_WARN_DEPRECATED_OBJC_IMPLEMENTATIONS = YES;
				CLANG_WARN_DIRECT_OBJC_ISA_USAGE = YES_ERROR;
				CLANG_WARN_DOCUMENTATION_COMMENTS = YES;
				CLANG_WARN_EMPTY_BODY = YES;
				CLANG_WARN_ENUM_CONVERSION = YES;
				CLANG_WARN_INFINITE_RECURSION = YES;
				CLANG_WARN_INT_CONVERSION = YES;
				CLANG_WARN_NON_LITERAL_NULL_CONVERSION = YES;
				CLANG_WARN_OBJC_IMPLICIT_RETAIN_SELF = YES;
				CLANG_WARN_OBJC_LITERAL_CONVERSION = YES;
				CLANG_WARN_OBJC_ROOT_CLASS = YES_ERROR;
				CLANG_WARN_QUOTED_INCLUDE_IN_FRAMEWORK_HEADER = YES;
				CLANG_WARN_RANGE_LOOP_ANALYSIS = YES;
				CLANG_WARN_STRICT_PROTOTYPES = YES;
				CLANG_WARN_SUSPICIOUS_MOVE = YES;
				CLANG_WARN_UNGUARDED_AVAILABILITY = YES_AGGRESSIVE;
				CLANG_WARN_UNREACHABLE_CODE = YES;
				CLANG_WARN__DUPLICATE_METHOD_MATCH = YES;
				COPY_PHASE_STRIP = NO;
				DEBUG_INFORMATION_FORMAT = "dwarf-with-dsym";
				ENABLE_NS_ASSERTIONS = NO;
				ENABLE_STRICT_OBJC_MSGSEND = YES;
				ENABLE_USER_SCRIPT_SANDBOXING = YES;
				GCC_C_LANGUAGE_STANDARD = gnu17;
				GCC_NO_COMMON_BLOCKS = YES;
				GCC_WARN_64_TO_32_BIT_CONVERSION = YES;
				GCC_WARN_ABOUT_RETURN_TYPE = YES_ERROR;
				GCC_WARN_UNDECLARED_SELECTOR = YES;
				GCC_WARN_UNINITIALIZED_AUTOS = YES_AGGRESSIVE;
				GCC_WARN_UNUSED_FUNCTION = YES;
				GCC_WARN_UNUSED_VARIABLE = YES;
				IPHONEOS_DEPLOYMENT_TARGET = 17.0;
				LOCALIZATION_PREFERS_STRING_CATALOGS = YES;
				MTL_ENABLE_DEBUG_INFO = NO;
				MTL_FAST_MATH = YES;
				SDKROOT = iphoneos;
				SWIFT_COMPILATION_MODE = wholemodule;
				VALIDATE_PRODUCT = YES;
			};
			name = Release;
		};
		1DE9F5462AC25EF3001D2367 /* Debug */ = {
			isa = XCBuildConfiguration;
			buildSettings = {
				ASSETCATALOG_COMPILER_APPICON_NAME = AppIcon;
				ASSETCATALOG_COMPILER_GLOBAL_ACCENT_COLOR_NAME = AccentColor;
				CODE_SIGN_STYLE = Automatic;
				CURRENT_PROJECT_VERSION = 1;
				DEVELOPMENT_ASSET_PATHS = "\"Appetizers/Preview Content\"";
				DEVELOPMENT_TEAM = N359L3MT2V;
				ENABLE_PREVIEWS = YES;
				GENERATE_INFOPLIST_FILE = YES;
				INFOPLIST_KEY_UIApplicationSceneManifest_Generation = YES;
				INFOPLIST_KEY_UIApplicationSupportsIndirectInputEvents = YES;
				INFOPLIST_KEY_UILaunchScreen_Generation = YES;
				INFOPLIST_KEY_UISupportedInterfaceOrientations = UIInterfaceOrientationPortrait;
				LD_RUNPATH_SEARCH_PATHS = (
					"$(inherited)",
					"@executable_path/Frameworks",
				);
				MARKETING_VERSION = 1.0;
				PRODUCT_BUNDLE_IDENTIFIER = com.soiferman.Appetizers;
				PRODUCT_NAME = "$(TARGET_NAME)";
				SUPPORTED_PLATFORMS = "iphoneos iphonesimulator";
				SUPPORTS_MACCATALYST = NO;
				SWIFT_EMIT_LOC_STRINGS = YES;
				SWIFT_VERSION = 5.0;
				TARGETED_DEVICE_FAMILY = 1;
			};
			name = Debug;
		};
		1DE9F5472AC25EF3001D2367 /* Release */ = {
			isa = XCBuildConfiguration;
			buildSettings = {
				ASSETCATALOG_COMPILER_APPICON_NAME = AppIcon;
				ASSETCATALOG_COMPILER_GLOBAL_ACCENT_COLOR_NAME = AccentColor;
				CODE_SIGN_STYLE = Automatic;
				CURRENT_PROJECT_VERSION = 1;
				DEVELOPMENT_ASSET_PATHS = "\"Appetizers/Preview Content\"";
				DEVELOPMENT_TEAM = N359L3MT2V;
				ENABLE_PREVIEWS = YES;
				GENERATE_INFOPLIST_FILE = YES;
				INFOPLIST_KEY_UIApplicationSceneManifest_Generation = YES;
				INFOPLIST_KEY_UIApplicationSupportsIndirectInputEvents = YES;
				INFOPLIST_KEY_UILaunchScreen_Generation = YES;
				INFOPLIST_KEY_UISupportedInterfaceOrientations = UIInterfaceOrientationPortrait;
				LD_RUNPATH_SEARCH_PATHS = (
					"$(inherited)",
					"@executable_path/Frameworks",
				);
				MARKETING_VERSION = 1.0;
				PRODUCT_BUNDLE_IDENTIFIER = com.soiferman.Appetizers;
				PRODUCT_NAME = "$(TARGET_NAME)";
				SUPPORTED_PLATFORMS = "iphoneos iphonesimulator";
				SUPPORTS_MACCATALYST = NO;
				SWIFT_EMIT_LOC_STRINGS = YES;
				SWIFT_VERSION = 5.0;
				TARGETED_DEVICE_FAMILY = 1;
			};
			name = Release;
		};
/* End XCBuildConfiguration section */

/* Begin XCConfigurationList section */
		1DE9F5322AC25EF2001D2367 /* Build configuration list for PBXProject "Appetizers" */ = {
			isa = XCConfigurationList;
			buildConfigurations = (
				1DE9F5432AC25EF3001D2367 /* Debug */,
				1DE9F5442AC25EF3001D2367 /* Release */,
			);
			defaultConfigurationIsVisible = 0;
			defaultConfigurationName = Release;
		};
		1DE9F5452AC25EF3001D2367 /* Build configuration list for PBXNativeTarget "Appetizers" */ = {
			isa = XCConfigurationList;
			buildConfigurations = (
				1DE9F5462AC25EF3001D2367 /* Debug */,
				1DE9F5472AC25EF3001D2367 /* Release */,
			);
			defaultConfigurationIsVisible = 0;
			defaultConfigurationName = Release;
		};
/* End XCConfigurationList section */
	};
	rootObject = 1DE9F52F2AC25EF2001D2367 /* Project object */;
}
